<?xml version="1.0" encoding="utf-8"?>
<Project ToolsVersion="4.0" xmlns="http://schemas.microsoft.com/developer/msbuild/2003">
  <ItemGroup>
    <Filter Include="system">
      <UniqueIdentifier>{22dd8095-74f9-46df-81a1-36675a040b1f}</UniqueIdentifier>
    </Filter>
    <Filter Include="Source">
      <UniqueIdentifier>{3424e358-d0aa-4c66-a35a-d7668c7aa6fb}</UniqueIdentifier>
    </Filter>
    <Filter Include="Source\Actor">
      <UniqueIdentifier>{3c66a2b0-1795-45c8-8544-f06259dbca4c}</UniqueIdentifier>
    </Filter>
    <Filter Include="Source\Actor\Character">
      <UniqueIdentifier>{f0702e52-71ec-408e-bd61-21cf62a691a3}</UniqueIdentifier>
    </Filter>
    <Filter Include="Source\Actor\Stage">
      <UniqueIdentifier>{afee56d8-47c7-440b-bc23-cf64b533eaeb}</UniqueIdentifier>
    </Filter>
    <Filter Include="Source\Camera">
      <UniqueIdentifier>{fcf3fc62-1a1a-46b8-a99e-617b62ba1439}</UniqueIdentifier>
    </Filter>
    <Filter Include="Source\Sound">
      <UniqueIdentifier>{62f98cc4-28cd-498f-b061-078cabf76c57}</UniqueIdentifier>
    </Filter>
    <Filter Include="Source\UIBase">
      <UniqueIdentifier>{62e220bd-efb0-433a-ac9a-9161a0d10bae}</UniqueIdentifier>
    </Filter>
    <Filter Include="Source\Actor\Character\Enemy">
      <UniqueIdentifier>{3e97d9b1-5452-48f4-8d6d-241acb227ec6}</UniqueIdentifier>
    </Filter>
    <Filter Include="Source\Actor\Character\Enemy\FinalBoss">
      <UniqueIdentifier>{a77f8321-8845-4c9a-970e-6ba9437f84e8}</UniqueIdentifier>
    </Filter>
    <Filter Include="Source\Actor\Character\Enemy\FloorBoss">
      <UniqueIdentifier>{c4ed8784-61be-4a5b-aa44-441dead4a9bc}</UniqueIdentifier>
    </Filter>
    <Filter Include="Source\Actor\Character\Enemy\MediumRobot">
      <UniqueIdentifier>{d554cc6d-8b86-47f3-a837-780b18bf09b7}</UniqueIdentifier>
    </Filter>
    <Filter Include="Source\Actor\Character\Enemy\SmallRobot">
      <UniqueIdentifier>{3661a0b6-6869-452b-a64d-d37b4af5a945}</UniqueIdentifier>
    </Filter>
    <Filter Include="Source\Actor\Character\Player">
      <UniqueIdentifier>{32b06fd2-1eff-4733-9a89-9e580f081abc}</UniqueIdentifier>
    </Filter>
    <Filter Include="Source\Sound\BGM">
      <UniqueIdentifier>{416ae54c-11a9-41a5-8c83-abe3d2a520c2}</UniqueIdentifier>
    </Filter>
    <Filter Include="Source\Sound\SE">
      <UniqueIdentifier>{a0ee9290-5d66-4f1b-9448-78e6cd22be8e}</UniqueIdentifier>
    </Filter>
    <Filter Include="Source\UIBase\DifficultyLevel">
      <UniqueIdentifier>{e2d6fe5b-3999-4215-8253-1c4c0050f270}</UniqueIdentifier>
    </Filter>
    <Filter Include="Source\UIBase\GameClear">
      <UniqueIdentifier>{165d7315-c246-422a-bc58-e206f30e8434}</UniqueIdentifier>
    </Filter>
    <Filter Include="Source\UIBase\GameOver">
      <UniqueIdentifier>{41697db0-73b9-4e28-b51f-d47c00cc37ba}</UniqueIdentifier>
    </Filter>
    <Filter Include="Source\UIBase\Load">
      <UniqueIdentifier>{85a5d97a-3f96-417a-ba88-7686422d8df7}</UniqueIdentifier>
    </Filter>
    <Filter Include="Source\UIBase\Title">
      <UniqueIdentifier>{aed57a43-5dec-42f0-bc41-f41d3340ccd0}</UniqueIdentifier>
    </Filter>
    <Filter Include="Source\UIBase\UI">
      <UniqueIdentifier>{df8ef588-80d4-4be8-8599-43f3f8942883}</UniqueIdentifier>
    </Filter>
    <Filter Include="Source\Actor\Item">
      <UniqueIdentifier>{706dd892-20e7-432a-bef1-4e9670cc44e9}</UniqueIdentifier>
    </Filter>
    <Filter Include="Source\Actor\Item\Gire">
      <UniqueIdentifier>{fd09a47c-7a35-4363-bdda-2ed94b2129f1}</UniqueIdentifier>
    </Filter>
  </ItemGroup>
  <ItemGroup>
    <ClCompile Include="stdafx.cpp" />
    <ClCompile Include="main.cpp" />
    <ClCompile Include="system\system.cpp">
      <Filter>system</Filter>
    </ClCompile>
    <ClCompile Include="Game.cpp" />
    <ClCompile Include="Source\Actor\Character\Enemy\FinalBoss\FinalBoss.cpp">
      <Filter>Source\Actor\Character\Enemy\FinalBoss</Filter>
    </ClCompile>
    <ClCompile Include="Source\Actor\Character\Enemy\FloorBoss\FloorBoss.cpp">
      <Filter>Source\Actor\Character\Enemy\FloorBoss</Filter>
    </ClCompile>
    <ClCompile Include="Source\Actor\Character\Enemy\MediumRobot\MediumRobot.cpp">
      <Filter>Source\Actor\Character\Enemy\MediumRobot</Filter>
    </ClCompile>
    <ClCompile Include="Source\Actor\Character\Enemy\SmallRobot\SmallRobot.cpp">
      <Filter>Source\Actor\Character\Enemy\SmallRobot</Filter>
    </ClCompile>
    <ClCompile Include="Source\Actor\Character\Enemy\Enemy.cpp">
      <Filter>Source\Actor\Character\Enemy</Filter>
    </ClCompile>
    <ClCompile Include="Source\Actor\Character\Player\Player.cpp">
      <Filter>Source\Actor\Character\Player</Filter>
    </ClCompile>
    <ClCompile Include="Source\Actor\Character\Character.cpp">
      <Filter>Source\Actor\Character</Filter>
    </ClCompile>
    <ClCompile Include="Source\Actor\Actor.cpp">
      <Filter>Source\Actor</Filter>
    </ClCompile>
    <ClCompile Include="Source\Actor\Stage\Stage.cpp">
      <Filter>Source\Actor\Stage</Filter>
    </ClCompile>
    <ClCompile Include="Source\Camera\GameCamera.cpp">
      <Filter>Source\Camera</Filter>
    </ClCompile>
    <ClCompile Include="Source\UIBase\UIBase.cpp">
      <Filter>Source\UIBase</Filter>
    </ClCompile>
    <ClCompile Include="Source\UIBase\DifficultyLevel\DifficultyLevel.cpp">
      <Filter>Source\UIBase\DifficultyLevel</Filter>
    </ClCompile>
    <ClCompile Include="Source\UIBase\GameClear\GameClear.cpp">
      <Filter>Source\UIBase\GameClear</Filter>
    </ClCompile>
    <ClCompile Include="Source\UIBase\GameOver\GameOver.cpp">
      <Filter>Source\UIBase\GameOver</Filter>
    </ClCompile>
    <ClCompile Include="Source\UIBase\Load\Load.cpp">
      <Filter>Source\UIBase\Load</Filter>
    </ClCompile>
    <ClCompile Include="Source\UIBase\Title\Title.cpp">
      <Filter>Source\UIBase\Title</Filter>
    </ClCompile>
    <ClCompile Include="Source\UIBase\UI\UI.cpp">
      <Filter>Source\UIBase\UI</Filter>
    </ClCompile>
    <ClCompile Include="Source\Sound\BGM\BGMManager.cpp">
      <Filter>Source\Sound\BGM</Filter>
    </ClCompile>
    <ClCompile Include="Source\Sound\SE\SEManager.cpp">
      <Filter>Source\Sound\SE</Filter>
    </ClCompile>
    <ClCompile Include="Source\Actor\Item\Item.cpp">
      <Filter>Source\Actor\Item</Filter>
    </ClCompile>
    <ClCompile Include="Source\Actor\Item\Gire\Gire.cpp">
      <Filter>Source\Actor\Item\Gire</Filter>
    </ClCompile>
  </ItemGroup>
  <ItemGroup>
    <ClInclude Include="stdafx.h" />
    <ClInclude Include="system\system.h">
      <Filter>system</Filter>
    </ClInclude>
    <ClInclude Include="Game.h" />
    <ClInclude Include="Source\Actor\Character\Enemy\FinalBoss\FinalBoss.h">
      <Filter>Source\Actor\Character\Enemy\FinalBoss</Filter>
    </ClInclude>
    <ClInclude Include="Source\Actor\Character\Enemy\FloorBoss\FloorBoss.h">
      <Filter>Source\Actor\Character\Enemy\FloorBoss</Filter>
    </ClInclude>
    <ClInclude Include="Source\Actor\Character\Enemy\MediumRobot\MediumRobot.h">
      <Filter>Source\Actor\Character\Enemy\MediumRobot</Filter>
    </ClInclude>
    <ClInclude Include="Source\Actor\Character\Enemy\SmallRobot\SmallRobot.h">
      <Filter>Source\Actor\Character\Enemy\SmallRobot</Filter>
    </ClInclude>
    <ClInclude Include="Source\Actor\Character\Enemy\Enemy.h">
      <Filter>Source\Actor\Character\Enemy</Filter>
    </ClInclude>
    <ClInclude Include="Source\Actor\Character\Player\Player.h">
      <Filter>Source\Actor\Character\Player</Filter>
    </ClInclude>
    <ClInclude Include="Source\Actor\Character\Character.h">
      <Filter>Source\Actor\Character</Filter>
    </ClInclude>
    <ClInclude Include="Source\Actor\Actor.h">
      <Filter>Source\Actor</Filter>
    </ClInclude>
    <ClInclude Include="Source\Actor\Stage\Stage.h">
      <Filter>Source\Actor\Stage</Filter>
    </ClInclude>
    <ClInclude Include="Source\Camera\GameCamera.h">
      <Filter>Source\Camera</Filter>
    </ClInclude>
    <ClInclude Include="Source\UIBase\UIBase.h">
      <Filter>Source\UIBase</Filter>
    </ClInclude>
    <ClInclude Include="Source\UIBase\DifficultyLevel\DifficultyLevel.h">
      <Filter>Source\UIBase\DifficultyLevel</Filter>
    </ClInclude>
    <ClInclude Include="Source\UIBase\GameClear\GameClear.h">
      <Filter>Source\UIBase\GameClear</Filter>
    </ClInclude>
    <ClInclude Include="Source\UIBase\GameOver\GameOver.h">
      <Filter>Source\UIBase\GameOver</Filter>
    </ClInclude>
    <ClInclude Include="Source\UIBase\Load\Load.h">
      <Filter>Source\UIBase\Load</Filter>
    </ClInclude>
    <ClInclude Include="Source\UIBase\Title\Title.h">
      <Filter>Source\UIBase\Title</Filter>
    </ClInclude>
    <ClInclude Include="Source\UIBase\UI\UI.h">
      <Filter>Source\UIBase\UI</Filter>
    </ClInclude>
    <ClInclude Include="Source\Sound\BGM\BGMManager.h">
      <Filter>Source\Sound\BGM</Filter>
    </ClInclude>
    <ClInclude Include="Source\Sound\SE\SEManager.h">
      <Filter>Source\Sound\SE</Filter>
    </ClInclude>
    <ClInclude Include="Source\Sound\SE\SEManager.h">
      <Filter>Source\Sound\SE</Filter>
    </ClInclude>
    <ClInclude Include="Source\Sound\BGM\BGMManager.h">
      <Filter>Source\Sound\BGM</Filter>
    </ClInclude>
    <ClInclude Include="Source\Actor\Item\Item.h">
      <Filter>Source\Actor\Item</Filter>
    </ClInclude>
    <ClInclude Include="Source\Actor\Item\Gire\Gire.h">
      <Filter>Source\Actor\Item\Gire</Filter>
    </ClInclude>
  </ItemGroup>
</Project>